
Microsoft Visual Studio Solution File, Format Version 12.00
# Visual Studio 2013
VisualStudioVersion = 12.0.30723.0
MinimumVisualStudioVersion = 10.0.40219.1
Project("{FAE04EC0-301F-11D3-BF4B-00C04F79EFBC}") = "Librarian", "Librarian\Librarian.csproj", "{2F6FA44C-13A4-46E8-B528-60C69F8D6DD0}"
EndProject
Project("{2150E333-8FDC-42A3-9474-1A3956D46DE8}") = "Dependencies", "Dependencies", "{24BF1AB5-9EF4-468E-96A8-25B3D709030F}"
EndProject
Project("{FAE04EC0-301F-11D3-BF4B-00C04F79EFBC}") = "Librarian.Tests", "Librarian.Tests\Librarian.Tests.csproj", "{DC9CE207-2CA3-4F8E-9265-E53EFBD64467}"
EndProject
Global
	GlobalSection(SolutionConfigurationPlatforms) = preSolution
		Debug|Any CPU = Debug|Any CPU
		Release|Any CPU = Release|Any CPU
	EndGlobalSection
	GlobalSection(ProjectConfigurationPlatforms) = postSolution
		{2F6FA44C-13A4-46E8-B528-60C69F8D6DD0}.Debug|Any CPU.ActiveCfg = Debug|Any CPU
		{2F6FA44C-13A4-46E8-B528-60C69F8D6DD0}.Debug|Any CPU.Build.0 = Debug|Any CPU
		{2F6FA44C-13A4-46E8-B528-60C69F8D6DD0}.Release|Any CPU.ActiveCfg = Release|Any CPU
		{2F6FA44C-13A4-46E8-B528-60C69F8D6DD0}.Release|Any CPU.Build.0 = Release|Any CPU
		{DC9CE207-2CA3-4F8E-9265-E53EFBD64467}.Debug|Any CPU.ActiveCfg = Debug|Any CPU
		{DC9CE207-2CA3-4F8E-9265-E53EFBD64467}.Debug|Any CPU.Build.0 = Debug|Any CPU
		{DC9CE207-2CA3-4F8E-9265-E53EFBD64467}.Release|Any CPU.ActiveCfg = Release|Any CPU
		{DC9CE207-2CA3-4F8E-9265-E53EFBD64467}.Release|Any CPU.Build.0 = Release|Any CPU
	EndGlobalSection
	GlobalSection(SolutionProperties) = preSolution
		HideSolutionNode = FALSE
	EndGlobalSection
EndGlobal
